
Microsoft Visual Studio Solution File, Format Version 12.00
# Visual Studio Version 16
VisualStudioVersion = 16.0.31911.196
MinimumVisualStudioVersion = 10.0.40219.1
Project("{FAE04EC0-301F-11D3-BF4B-00C04F79EFBC}") = "Snake", "Snake\Snake.csproj", "{6EB00874-E813-4AD4-81B3-C4C1D3ADC41D}"
EndProject
Global
	GlobalSection(SolutionConfigurationPlatforms) = preSolution
		Debug|Any CPU = Debug|Any CPU
		Release|Any CPU = Release|Any CPU
	EndGlobalSection
	GlobalSection(ProjectConfigurationPlatforms) = postSolution
		{6EB00874-E813-4AD4-81B3-C4C1D3ADC41D}.Debug|Any CPU.ActiveCfg = Debug|Any CPU
		{6EB00874-E813-4AD4-81B3-C4C1D3ADC41D}.Debug|Any CPU.Build.0 = Debug|Any CPU
		{6EB00874-E813-4AD4-81B3-C4C1D3ADC41D}.Release|Any CPU.ActiveCfg = Release|Any CPU
		{6EB00874-E813-4AD4-81B3-C4C1D3ADC41D}.Release|Any CPU.Build.0 = Release|Any CPU
	EndGlobalSection
	GlobalSection(SolutionProperties) = preSolution
		HideSolutionNode = FALSE
	EndGlobalSection
	GlobalSection(ExtensibilityGlobals) = postSolution
		SolutionGuid = {361C82CE-C0EB-4ADD-96D3-4CD0FA7C114E}
	EndGlobalSection
EndGlobal
